{
    "_meta": {
        "hash": {
            "sha256": "02f2169651c5c8f3efbb1574556b6a38decbb2f309a05c4f2d100d1254f1f125"
        },
        "pipfile-spec": 6,
        "requires": {
            "python_version": "3.5"
        },
        "sources": [
            {
                "name": "pypi",
                "url": "https://pypi.org/simple",
                "verify_ssl": true
            }
        ]
    },
    "default": {
        "gilderoy": {
            "git": "https://github.com/bash/gilderoy.git",
            "ref": "8a56d03f4a6d1f5b77ab9bf524c1acfff6d10f06"
        }
    },
    "develop": {}
}
